<?xml version="1.0" encoding="utf-8"?>
<Project ToolsVersion="4.0" xmlns="http://schemas.microsoft.com/developer/msbuild/2003">
  <ItemGroup>
    <Filter Include="Source Files">
      <UniqueIdentifier>{4FC737F1-C7A5-4376-A066-2A32D752A2FF}</UniqueIdentifier>
      <Extensions>cpp;c;cxx;def;odl;idl;hpj;bat;asm;asmx</Extensions>
    </Filter>
    <Filter Include="Header Files">
      <UniqueIdentifier>{93995380-89BD-4b04-88EB-625FBE52EBFB}</UniqueIdentifier>
      <Extensions>h;hpp;hxx;hm;inl;inc;xsd</Extensions>
    </Filter>
  </ItemGroup>
  <ItemGroup>
    <ClCompile Include="Mesh\ArrayKernel.cc">
      <Filter>Source Files</Filter>
    </ClCompile>
    <ClCompile Include="Mesh\BaseKernel.cc">
      <Filter>Source Files</Filter>
    </ClCompile>
    <ClCompile Include="Utils\BaseProperty.cc">
      <Filter>Source Files</Filter>
    </ClCompile>
    <ClCompile Include="IO\reader\BaseReader.cc">
      <Filter>Source Files</Filter>
    </ClCompile>
    <ClCompile Include="IO\writer\BaseWriter.cc">
      <Filter>Source Files</Filter>
    </ClCompile>
    <ClCompile Include="IO\BinaryHelper.cc">
      <Filter>Source Files</Filter>
    </ClCompile>
    <ClCompile Include="Utils\Endian.cc">
      <Filter>Source Files</Filter>
    </ClCompile>
    <ClCompile Include="IO\IOManager.cc">
      <Filter>Source Files</Filter>
    </ClCompile>
    <ClCompile Include="IO\reader\OBJReader.cc">
      <Filter>Source Files</Filter>
    </ClCompile>
    <ClCompile Include="IO\writer\OBJWriter.cc">
      <Filter>Source Files</Filter>
    </ClCompile>
    <ClCompile Include="IO\reader\OFFReader.cc">
      <Filter>Source Files</Filter>
    </ClCompile>
    <ClCompile Include="IO\writer\OFFWriter.cc">
      <Filter>Source Files</Filter>
    </ClCompile>
    <ClCompile Include="IO\OMFormat.cc">
      <Filter>Source Files</Filter>
    </ClCompile>
    <ClCompile Include="IO\reader\OMReader.cc">
      <Filter>Source Files</Filter>
    </ClCompile>
    <ClCompile Include="System\omstream.cc">
      <Filter>Source Files</Filter>
    </ClCompile>
    <ClCompile Include="IO\writer\OMWriter.cc">
      <Filter>Source Files</Filter>
    </ClCompile>
    <ClCompile Include="IO\reader\PLYReader.cc">
      <Filter>Source Files</Filter>
    </ClCompile>
    <ClCompile Include="IO\writer\PLYWriter.cc">
      <Filter>Source Files</Filter>
    </ClCompile>
    <ClCompile Include="Mesh\PolyConnectivity.cc">
      <Filter>Source Files</Filter>
    </ClCompile>
    <ClCompile Include="IO\reader\STLReader.cc">
      <Filter>Source Files</Filter>
    </ClCompile>
    <ClCompile Include="IO\writer\STLWriter.cc">
      <Filter>Source Files</Filter>
    </ClCompile>
    <ClCompile Include="Mesh\TriConnectivity.cc">
      <Filter>Source Files</Filter>
    </ClCompile>
  </ItemGroup>
  <ItemGroup>
    <ClInclude Include="Mesh\ArrayItems.hh">
      <Filter>Header Files</Filter>
    </ClInclude>
    <ClInclude Include="Mesh\ArrayKernel.hh">
      <Filter>Header Files</Filter>
    </ClInclude>
    <ClInclude Include="Mesh\AttribKernelT.hh">
      <Filter>Header Files</Filter>
    </ClInclude>
    <ClInclude Include="Mesh\Attributes.hh">
      <Filter>Header Files</Filter>
    </ClInclude>
    <ClInclude Include="Utils\AutoPropertyHandleT.hh">
      <Filter>Header Files</Filter>
    </ClInclude>
    <ClInclude Include="IO\exporter\BaseExporter.hh">
      <Filter>Header Files</Filter>
    </ClInclude>
    <ClInclude Include="IO\importer\BaseImporter.hh">
      <Filter>Header Files</Filter>
    </ClInclude>
    <ClInclude Include="Mesh\BaseKernel.hh">
      <Filter>Header Files</Filter>
    </ClInclude>
    <ClInclude Include="Mesh\BaseMesh.hh">
      <Filter>Header Files</Filter>
    </ClInclude>
    <ClInclude Include="Utils\BaseProperty.hh">
      <Filter>Header Files</Filter>
    </ClInclude>
    <ClInclude Include="IO\reader\BaseReader.hh">
      <Filter>Header Files</Filter>
    </ClInclude>
    <ClInclude Include="IO\writer\BaseWriter.hh">
      <Filter>Header Files</Filter>
    </ClInclude>
    <ClInclude Include="IO\BinaryHelper.hh">
      <Filter>Header Files</Filter>
    </ClInclude>
    <ClInclude Include="Mesh\Casts.hh">
      <Filter>Header Files</Filter>
    </ClInclude>
    <ClInclude Include="Mesh\gen\circulators_header.hh">
      <Filter>Header Files</Filter>
    </ClInclude>
    <ClInclude Include="Mesh\gen\circulators_template.hh">
      <Filter>Header Files</Filter>
    </ClInclude>
    <ClInclude Include="Mesh\CirculatorsT.hh">
      <Filter>Header Files</Filter>
    </ClInclude>
    <ClInclude Include="Utils\color_cast.hh">
      <Filter>Header Files</Filter>
    </ClInclude>
    <ClInclude Include="System\compiler.hh">
      <Filter>Header Files</Filter>
    </ClInclude>
    <ClInclude Include="System\config.hh">
      <Filter>Header Files</Filter>
    </ClInclude>
    <ClInclude Include="Geometry\Config.hh">
      <Filter>Header Files</Filter>
    </ClInclude>
    <ClInclude Include="Utils\Endian.hh">
      <Filter>Header Files</Filter>
    </ClInclude>
    <ClInclude Include="IO\exporter\ExporterT.hh">
      <Filter>Header Files</Filter>
    </ClInclude>
    <ClInclude Include="Mesh\FinalMeshItemsT.hh">
      <Filter>Header Files</Filter>
    </ClInclude>
    <ClInclude Include="Mesh\gen\footer.hh">
      <Filter>Header Files</Filter>
    </ClInclude>
    <ClInclude Include="Utils\GenProg.hh">
      <Filter>Header Files</Filter>
    </ClInclude>
    <ClInclude Include="Mesh\Handles.hh">
      <Filter>Header Files</Filter>
    </ClInclude>
    <ClInclude Include="IO\importer\ImporterT.hh">
      <Filter>Header Files</Filter>
    </ClInclude>
    <ClInclude Include="IO\IOInstances.hh">
      <Filter>Header Files</Filter>
    </ClInclude>
    <ClInclude Include="IO\IOManager.hh">
      <Filter>Header Files</Filter>
    </ClInclude>
    <ClInclude Include="Mesh\gen\iterators_header.hh">
      <Filter>Header Files</Filter>
    </ClInclude>
    <ClInclude Include="Mesh\gen\iterators_template.hh">
      <Filter>Header Files</Filter>
    </ClInclude>
    <ClInclude Include="Mesh\IteratorsT.hh">
      <Filter>Header Files</Filter>
    </ClInclude>
    <ClInclude Include="Geometry\LoopSchemeMaskT.hh">
      <Filter>Header Files</Filter>
    </ClInclude>
    <ClInclude Include="Geometry\MathDefs.hh">
      <Filter>Header Files</Filter>
    </ClInclude>
    <ClInclude Include="IO\MeshIO.hh">
      <Filter>Header Files</Filter>
    </ClInclude>
    <ClInclude Include="System\mostream.hh">
      <Filter>Header Files</Filter>
    </ClInclude>
    <ClInclude Include="Utils\Noncopyable.hh">
      <Filter>Header Files</Filter>
    </ClInclude>
    <ClInclude Include="IO\reader\OBJReader.hh">
      <Filter>Header Files</Filter>
    </ClInclude>
    <ClInclude Include="IO\writer\OBJWriter.hh">
      <Filter>Header Files</Filter>
    </ClInclude>
    <ClInclude Include="IO\OFFFormat.hh">
      <Filter>Header Files</Filter>
    </ClInclude>
    <ClInclude Include="IO\reader\OFFReader.hh">
      <Filter>Header Files</Filter>
    </ClInclude>
    <ClInclude Include="IO\writer\OFFWriter.hh">
      <Filter>Header Files</Filter>
    </ClInclude>
    <ClInclude Include="IO\OMFormat.hh">
      <Filter>Header Files</Filter>
    </ClInclude>
    <ClInclude Include="IO\reader\OMReader.hh">
      <Filter>Header Files</Filter>
    </ClInclude>
    <ClInclude Include="System\omstream.hh">
      <Filter>Header Files</Filter>
    </ClInclude>
    <ClInclude Include="IO\writer\OMWriter.hh">
      <Filter>Header Files</Filter>
    </ClInclude>
    <ClInclude Include="IO\Options.hh">
      <Filter>Header Files</Filter>
    </ClInclude>
    <ClInclude Include="Geometry\Plane3d.hh">
      <Filter>Header Files</Filter>
    </ClInclude>
    <ClInclude Include="IO\reader\PLYReader.hh">
      <Filter>Header Files</Filter>
    </ClInclude>
    <ClInclude Include="IO\writer\PLYWriter.hh">
      <Filter>Header Files</Filter>
    </ClInclude>
    <ClInclude Include="Mesh\PolyConnectivity.hh">
      <Filter>Header Files</Filter>
    </ClInclude>
    <ClInclude Include="Mesh\PolyMesh_ArrayKernelT.hh">
      <Filter>Header Files</Filter>
    </ClInclude>
    <ClInclude Include="Mesh\PolyMeshT.hh">
      <Filter>Header Files</Filter>
    </ClInclude>
    <ClInclude Include="Utils\Property.hh">
      <Filter>Header Files</Filter>
    </ClInclude>
    <ClInclude Include="Utils\PropertyContainer.hh">
      <Filter>Header Files</Filter>
    </ClInclude>
    <ClInclude Include="Geometry\QuadricT.hh">
      <Filter>Header Files</Filter>
    </ClInclude>
    <ClInclude Include="Utils\SingletonT.hh">
      <Filter>Header Files</Filter>
    </ClInclude>
    <ClInclude Include="IO\SR_binary.hh">
      <Filter>Header Files</Filter>
    </ClInclude>
    <ClInclude Include="IO\SR_binary_spec.hh">
      <Filter>Header Files</Filter>
    </ClInclude>
    <ClInclude Include="IO\SR_rbo.hh">
      <Filter>Header Files</Filter>
    </ClInclude>
    <ClInclude Include="IO\SR_store.hh">
      <Filter>Header Files</Filter>
    </ClInclude>
    <ClInclude Include="IO\SR_types.hh">
      <Filter>Header Files</Filter>
    </ClInclude>
    <ClInclude Include="Mesh\Status.hh">
      <Filter>Header Files</Filter>
    </ClInclude>
    <ClInclude Include="IO\reader\STLReader.hh">
      <Filter>Header Files</Filter>
    </ClInclude>
    <ClInclude Include="IO\writer\STLWriter.hh">
      <Filter>Header Files</Filter>
    </ClInclude>
    <ClInclude Include="IO\StoreRestore.hh">
      <Filter>Header Files</Filter>
    </ClInclude>
    <ClInclude Include="Mesh\Traits.hh">
      <Filter>Header Files</Filter>
    </ClInclude>
    <ClInclude Include="Mesh\TriConnectivity.hh">
      <Filter>Header Files</Filter>
    </ClInclude>
    <ClInclude Include="Mesh\TriMesh_ArrayKernelT.hh">
      <Filter>Header Files</Filter>
    </ClInclude>
    <ClInclude Include="Mesh\TriMeshT.hh">
      <Filter>Header Files</Filter>
    </ClInclude>
    <ClInclude Include="Utils\vector_cast.hh">
      <Filter>Header Files</Filter>
    </ClInclude>
    <ClInclude Include="Utils\vector_traits.hh">
      <Filter>Header Files</Filter>
    </ClInclude>
    <ClInclude Include="Geometry\VectorT.hh">
      <Filter>Header Files</Filter>
    </ClInclude>
    <ClInclude Include="Geometry\VectorT_inc.hh">
      <Filter>Header Files</Filter>
    </ClInclude>
  </ItemGroup>
</Project>