<?xml version="1.0" encoding="utf-8"?>
<Project ToolsVersion="15.0" xmlns="http://schemas.microsoft.com/developer/msbuild/2003">
  <ItemGroup>
    <ClCompile Include="F:\PaperDeformation\ANN\ANN.cpp">
      <Filter>Source Files</Filter>
    </ClCompile>
    <ClCompile Include="F:\PaperDeformation\ANN\bd_fix_rad_search.cpp">
      <Filter>Source Files</Filter>
    </ClCompile>
    <ClCompile Include="F:\PaperDeformation\ANN\bd_pr_search.cpp">
      <Filter>Source Files</Filter>
    </ClCompile>
    <ClCompile Include="F:\PaperDeformation\ANN\bd_search.cpp">
      <Filter>Source Files</Filter>
    </ClCompile>
    <ClCompile Include="F:\PaperDeformation\ANN\bd_tree.cpp">
      <Filter>Source Files</Filter>
    </ClCompile>
    <ClCompile Include="F:\PaperDeformation\ANN\brute.cpp">
      <Filter>Source Files</Filter>
    </ClCompile>
    <ClCompile Include="F:\PaperDeformation\ANN\kd_dump.cpp">
      <Filter>Source Files</Filter>
    </ClCompile>
    <ClCompile Include="F:\PaperDeformation\ANN\kd_fix_rad_search.cpp">
      <Filter>Source Files</Filter>
    </ClCompile>
    <ClCompile Include="F:\PaperDeformation\ANN\kd_pr_search.cpp">
      <Filter>Source Files</Filter>
    </ClCompile>
    <ClCompile Include="F:\PaperDeformation\ANN\kd_search.cpp">
      <Filter>Source Files</Filter>
    </ClCompile>
    <ClCompile Include="F:\PaperDeformation\ANN\kd_split.cpp">
      <Filter>Source Files</Filter>
    </ClCompile>
    <ClCompile Include="F:\PaperDeformation\ANN\kd_tree.cpp">
      <Filter>Source Files</Filter>
    </ClCompile>
    <ClCompile Include="F:\PaperDeformation\ANN\kd_util.cpp">
      <Filter>Source Files</Filter>
    </ClCompile>
    <ClCompile Include="F:\PaperDeformation\ANN\perf.cpp">
      <Filter>Source Files</Filter>
    </ClCompile>
  </ItemGroup>
  <ItemGroup>
    <ClInclude Include="F:\PaperDeformation\ANN\ANN.h">
      <Filter>Header Files</Filter>
    </ClInclude>
    <ClInclude Include="F:\PaperDeformation\ANN\ANNperf.h">
      <Filter>Header Files</Filter>
    </ClInclude>
    <ClInclude Include="F:\PaperDeformation\ANN\ANNx.h">
      <Filter>Header Files</Filter>
    </ClInclude>
    <ClInclude Include="F:\PaperDeformation\ANN\bd_tree.h">
      <Filter>Header Files</Filter>
    </ClInclude>
    <ClInclude Include="F:\PaperDeformation\ANN\kd_fix_rad_search.h">
      <Filter>Header Files</Filter>
    </ClInclude>
    <ClInclude Include="F:\PaperDeformation\ANN\kd_pr_search.h">
      <Filter>Header Files</Filter>
    </ClInclude>
    <ClInclude Include="F:\PaperDeformation\ANN\kd_search.h">
      <Filter>Header Files</Filter>
    </ClInclude>
    <ClInclude Include="F:\PaperDeformation\ANN\kd_split.h">
      <Filter>Header Files</Filter>
    </ClInclude>
    <ClInclude Include="F:\PaperDeformation\ANN\kd_tree.h">
      <Filter>Header Files</Filter>
    </ClInclude>
    <ClInclude Include="F:\PaperDeformation\ANN\kd_util.h">
      <Filter>Header Files</Filter>
    </ClInclude>
    <ClInclude Include="F:\PaperDeformation\ANN\pr_queue.h">
      <Filter>Header Files</Filter>
    </ClInclude>
    <ClInclude Include="F:\PaperDeformation\ANN\pr_queue_k.h">
      <Filter>Header Files</Filter>
    </ClInclude>
  </ItemGroup>
  <ItemGroup>
    <CustomBuild Include="F:\PaperDeformation\CMakeLists.txt" />
  </ItemGroup>
  <ItemGroup>
    <Filter Include="Header Files">
      <UniqueIdentifier>{19B3C96F-90C4-35A6-B588-F0A1FC00EA51}</UniqueIdentifier>
    </Filter>
    <Filter Include="Source Files">
      <UniqueIdentifier>{E3875814-EA41-3538-A056-0410288E4D80}</UniqueIdentifier>
    </Filter>
  </ItemGroup>
</Project>
