Microsoft Visual Studio Solution File, Format Version 12.00
# Visual Studio 15
Project("{8BC9CEB8-8B4A-11D0-8D11-00A0C91BC942}") = "ALL_BUILD", "ALL_BUILD.vcxproj", "{96DB6B9E-2AF8-32FB-A758-5D3AE7533C71}"
	ProjectSection(ProjectDependencies) = postProject
		{9032056F-E3FC-3FC8-9D0C-B41D8A53B165} = {9032056F-E3FC-3FC8-9D0C-B41D8A53B165}
		{85927976-84A2-3FB9-ADAB-E714AFB3BF9C} = {85927976-84A2-3FB9-ADAB-E714AFB3BF9C}
		{75281075-0093-35BE-B673-D50B78649868} = {75281075-0093-35BE-B673-D50B78649868}
		{3AF9C8C1-6860-3E24-A752-70375AE73258} = {3AF9C8C1-6860-3E24-A752-70375AE73258}
		{AE7AC53D-99D2-3EF3-95FD-5CDECABD4A8F} = {AE7AC53D-99D2-3EF3-95FD-5CDECABD4A8F}
	EndProjectSection
EndProject
Project("{8BC9CEB8-8B4A-11D0-8D11-00A0C91BC942}") = "ZERO_CHECK", "ZERO_CHECK.vcxproj", "{9032056F-E3FC-3FC8-9D0C-B41D8A53B165}"
	ProjectSection(ProjectDependencies) = postProject
	EndProjectSection
EndProject
Project("{8BC9CEB8-8B4A-11D0-8D11-00A0C91BC942}") = "ann", "ann.vcxproj", "{85927976-84A2-3FB9-ADAB-E714AFB3BF9C}"
	ProjectSection(ProjectDependencies) = postProject
		{9032056F-E3FC-3FC8-9D0C-B41D8A53B165} = {9032056F-E3FC-3FC8-9D0C-B41D8A53B165}
	EndProjectSection
EndProject
Project("{8BC9CEB8-8B4A-11D0-8D11-00A0C91BC942}") = "isoex", "isoex.vcxproj", "{75281075-0093-35BE-B673-D50B78649868}"
	ProjectSection(ProjectDependencies) = postProject
		{9032056F-E3FC-3FC8-9D0C-B41D8A53B165} = {9032056F-E3FC-3FC8-9D0C-B41D8A53B165}
	EndProjectSection
EndProject
Project("{8BC9CEB8-8B4A-11D0-8D11-00A0C91BC942}") = "reconstruct", "reconstruct.vcxproj", "{3AF9C8C1-6860-3E24-A752-70375AE73258}"
	ProjectSection(ProjectDependencies) = postProject
		{9032056F-E3FC-3FC8-9D0C-B41D8A53B165} = {9032056F-E3FC-3FC8-9D0C-B41D8A53B165}
		{75281075-0093-35BE-B673-D50B78649868} = {75281075-0093-35BE-B673-D50B78649868}
	EndProjectSection
EndProject
Project("{8BC9CEB8-8B4A-11D0-8D11-00A0C91BC942}") = "viewer", "viewer.vcxproj", "{AE7AC53D-99D2-3EF3-95FD-5CDECABD4A8F}"
	ProjectSection(ProjectDependencies) = postProject
		{9032056F-E3FC-3FC8-9D0C-B41D8A53B165} = {9032056F-E3FC-3FC8-9D0C-B41D8A53B165}
	EndProjectSection
EndProject
Global
	GlobalSection(SolutionConfigurationPlatforms) = preSolution
		Debug|Win32 = Debug|Win32
		Release|Win32 = Release|Win32
		MinSizeRel|Win32 = MinSizeRel|Win32
		RelWithDebInfo|Win32 = RelWithDebInfo|Win32
	EndGlobalSection
	GlobalSection(ProjectConfigurationPlatforms) = postSolution
		{96DB6B9E-2AF8-32FB-A758-5D3AE7533C71}.Debug|Win32.ActiveCfg = Debug|Win32
		{96DB6B9E-2AF8-32FB-A758-5D3AE7533C71}.Release|Win32.ActiveCfg = Release|Win32
		{96DB6B9E-2AF8-32FB-A758-5D3AE7533C71}.MinSizeRel|Win32.ActiveCfg = MinSizeRel|Win32
		{96DB6B9E-2AF8-32FB-A758-5D3AE7533C71}.RelWithDebInfo|Win32.ActiveCfg = RelWithDebInfo|Win32
		{9032056F-E3FC-3FC8-9D0C-B41D8A53B165}.Debug|Win32.ActiveCfg = Debug|Win32
		{9032056F-E3FC-3FC8-9D0C-B41D8A53B165}.Debug|Win32.Build.0 = Debug|Win32
		{9032056F-E3FC-3FC8-9D0C-B41D8A53B165}.Release|Win32.ActiveCfg = Release|Win32
		{9032056F-E3FC-3FC8-9D0C-B41D8A53B165}.Release|Win32.Build.0 = Release|Win32
		{9032056F-E3FC-3FC8-9D0C-B41D8A53B165}.MinSizeRel|Win32.ActiveCfg = MinSizeRel|Win32
		{9032056F-E3FC-3FC8-9D0C-B41D8A53B165}.MinSizeRel|Win32.Build.0 = MinSizeRel|Win32
		{9032056F-E3FC-3FC8-9D0C-B41D8A53B165}.RelWithDebInfo|Win32.ActiveCfg = RelWithDebInfo|Win32
		{9032056F-E3FC-3FC8-9D0C-B41D8A53B165}.RelWithDebInfo|Win32.Build.0 = RelWithDebInfo|Win32
		{85927976-84A2-3FB9-ADAB-E714AFB3BF9C}.Debug|Win32.ActiveCfg = Debug|Win32
		{85927976-84A2-3FB9-ADAB-E714AFB3BF9C}.Debug|Win32.Build.0 = Debug|Win32
		{85927976-84A2-3FB9-ADAB-E714AFB3BF9C}.Release|Win32.ActiveCfg = Release|Win32
		{85927976-84A2-3FB9-ADAB-E714AFB3BF9C}.Release|Win32.Build.0 = Release|Win32
		{85927976-84A2-3FB9-ADAB-E714AFB3BF9C}.MinSizeRel|Win32.ActiveCfg = MinSizeRel|Win32
		{85927976-84A2-3FB9-ADAB-E714AFB3BF9C}.MinSizeRel|Win32.Build.0 = MinSizeRel|Win32
		{85927976-84A2-3FB9-ADAB-E714AFB3BF9C}.RelWithDebInfo|Win32.ActiveCfg = RelWithDebInfo|Win32
		{85927976-84A2-3FB9-ADAB-E714AFB3BF9C}.RelWithDebInfo|Win32.Build.0 = RelWithDebInfo|Win32
		{75281075-0093-35BE-B673-D50B78649868}.Debug|Win32.ActiveCfg = Debug|Win32
		{75281075-0093-35BE-B673-D50B78649868}.Debug|Win32.Build.0 = Debug|Win32
		{75281075-0093-35BE-B673-D50B78649868}.Release|Win32.ActiveCfg = Release|Win32
		{75281075-0093-35BE-B673-D50B78649868}.Release|Win32.Build.0 = Release|Win32
		{75281075-0093-35BE-B673-D50B78649868}.MinSizeRel|Win32.ActiveCfg = MinSizeRel|Win32
		{75281075-0093-35BE-B673-D50B78649868}.MinSizeRel|Win32.Build.0 = MinSizeRel|Win32
		{75281075-0093-35BE-B673-D50B78649868}.RelWithDebInfo|Win32.ActiveCfg = RelWithDebInfo|Win32
		{75281075-0093-35BE-B673-D50B78649868}.RelWithDebInfo|Win32.Build.0 = RelWithDebInfo|Win32
		{3AF9C8C1-6860-3E24-A752-70375AE73258}.Debug|Win32.ActiveCfg = Debug|Win32
		{3AF9C8C1-6860-3E24-A752-70375AE73258}.Debug|Win32.Build.0 = Debug|Win32
		{3AF9C8C1-6860-3E24-A752-70375AE73258}.Release|Win32.ActiveCfg = Release|Win32
		{3AF9C8C1-6860-3E24-A752-70375AE73258}.Release|Win32.Build.0 = Release|Win32
		{3AF9C8C1-6860-3E24-A752-70375AE73258}.MinSizeRel|Win32.ActiveCfg = MinSizeRel|Win32
		{3AF9C8C1-6860-3E24-A752-70375AE73258}.MinSizeRel|Win32.Build.0 = MinSizeRel|Win32
		{3AF9C8C1-6860-3E24-A752-70375AE73258}.RelWithDebInfo|Win32.ActiveCfg = RelWithDebInfo|Win32
		{3AF9C8C1-6860-3E24-A752-70375AE73258}.RelWithDebInfo|Win32.Build.0 = RelWithDebInfo|Win32
		{AE7AC53D-99D2-3EF3-95FD-5CDECABD4A8F}.Debug|Win32.ActiveCfg = Debug|Win32
		{AE7AC53D-99D2-3EF3-95FD-5CDECABD4A8F}.Debug|Win32.Build.0 = Debug|Win32
		{AE7AC53D-99D2-3EF3-95FD-5CDECABD4A8F}.Release|Win32.ActiveCfg = Release|Win32
		{AE7AC53D-99D2-3EF3-95FD-5CDECABD4A8F}.Release|Win32.Build.0 = Release|Win32
		{AE7AC53D-99D2-3EF3-95FD-5CDECABD4A8F}.MinSizeRel|Win32.ActiveCfg = MinSizeRel|Win32
		{AE7AC53D-99D2-3EF3-95FD-5CDECABD4A8F}.MinSizeRel|Win32.Build.0 = MinSizeRel|Win32
		{AE7AC53D-99D2-3EF3-95FD-5CDECABD4A8F}.RelWithDebInfo|Win32.ActiveCfg = RelWithDebInfo|Win32
		{AE7AC53D-99D2-3EF3-95FD-5CDECABD4A8F}.RelWithDebInfo|Win32.Build.0 = RelWithDebInfo|Win32
	EndGlobalSection
	GlobalSection(ExtensibilityGlobals) = postSolution
		SolutionGuid = {1B8803EF-B4E8-3B5A-A333-A437925171C2}
	EndGlobalSection
	GlobalSection(ExtensibilityAddIns) = postSolution
	EndGlobalSection
EndGlobal
