<?xml version="1.0" encoding="utf-8"?>
<Project ToolsVersion="15.0" xmlns="http://schemas.microsoft.com/developer/msbuild/2003">
  <ItemGroup>
    <ClCompile Include="F:\PaperDeformation\reconstruct\ImplicitRBF.cc">
      <Filter>Source Files</Filter>
    </ClCompile>
    <ClCompile Include="F:\PaperDeformation\reconstruct\reconstruct.cc">
      <Filter>Source Files</Filter>
    </ClCompile>
  </ItemGroup>
  <ItemGroup>
    <ClInclude Include="F:\PaperDeformation\reconstruct\ImplicitHoppe.hh">
      <Filter>Header Files</Filter>
    </ClInclude>
    <ClInclude Include="F:\PaperDeformation\reconstruct\ImplicitRBF.hh">
      <Filter>Header Files</Filter>
    </ClInclude>
  </ItemGroup>
  <ItemGroup>
    <CustomBuild Include="F:\PaperDeformation\CMakeLists.txt" />
  </ItemGroup>
  <ItemGroup>
    <Filter Include="Header Files">
      <UniqueIdentifier>{19B3C96F-90C4-35A6-B588-F0A1FC00EA51}</UniqueIdentifier>
    </Filter>
    <Filter Include="Source Files">
      <UniqueIdentifier>{E3875814-EA41-3538-A056-0410288E4D80}</UniqueIdentifier>
    </Filter>
  </ItemGroup>
</Project>
